
Microsoft Visual Studio Solution File, Format Version 12.00
# Visual Studio Version 17
VisualStudioVersion = 17.9.34728.123
MinimumVisualStudioVersion = 10.0.40219.1
Project("{9A19103F-16F7-4668-BE54-9A1E7A4F7556}") = "ApproveAiApi", "ApproveAiApi\ApproveAiApi.csproj", "{7ADD4685-674C-480C-9702-B2D07F55CFFF}"
EndProject
Project("{2150E333-8FDC-42A3-9474-1A3956D46DE8}") = "Solution Items", "Solution Items", "{7005C7C2-B699-4D2E-85C9-2EDAD3CA9D2D}"
	ProjectSection(SolutionItems) = preProject
		.gitignore = .gitignore
		README.md = README.md
	EndProjectSection
EndProject
Project("{9A19103F-16F7-4668-BE54-9A1E7A4F7556}") = "ApproveAiModels", "ApproveAiModels\ApproveAiModels.csproj", "{CBAFA3E5-BDE0-422B-B65A-087D894C5C6C}"
EndProject
Global
	GlobalSection(SolutionConfigurationPlatforms) = preSolution
		Debug|Any CPU = Debug|Any CPU
		Release|Any CPU = Release|Any CPU
	EndGlobalSection
	GlobalSection(ProjectConfigurationPlatforms) = postSolution
		{7ADD4685-674C-480C-9702-B2D07F55CFFF}.Debug|Any CPU.ActiveCfg = Debug|Any CPU
		{7ADD4685-674C-480C-9702-B2D07F55CFFF}.Debug|Any CPU.Build.0 = Debug|Any CPU
		{7ADD4685-674C-480C-9702-B2D07F55CFFF}.Release|Any CPU.ActiveCfg = Release|Any CPU
		{7ADD4685-674C-480C-9702-B2D07F55CFFF}.Release|Any CPU.Build.0 = Release|Any CPU
		{CBAFA3E5-BDE0-422B-B65A-087D894C5C6C}.Debug|Any CPU.ActiveCfg = Debug|Any CPU
		{CBAFA3E5-BDE0-422B-B65A-087D894C5C6C}.Debug|Any CPU.Build.0 = Debug|Any CPU
		{CBAFA3E5-BDE0-422B-B65A-087D894C5C6C}.Release|Any CPU.ActiveCfg = Release|Any CPU
		{CBAFA3E5-BDE0-422B-B65A-087D894C5C6C}.Release|Any CPU.Build.0 = Release|Any CPU
	EndGlobalSection
	GlobalSection(SolutionProperties) = preSolution
		HideSolutionNode = FALSE
	EndGlobalSection
	GlobalSection(ExtensibilityGlobals) = postSolution
		SolutionGuid = {06175980-DB09-4C10-9C21-5FCF3154F792}
	EndGlobalSection
EndGlobal
